{
  "version": 4,
  "terraform_version": "1.6.2",
  "serial": 3,
  "lineage": "63969770-0af3-ff24-0c98-288305d3fa5c",
  "outputs": {},
  "resources": [
    {
      "mode": "managed",
      "type": "digitalocean_droplet",
      "name": "vox_backend",
      "provider": "provider[\"registry.opentofu.org/digitalocean/digitalocean\"]",
      "instances": [
        {
          "schema_version": 1,
          "attributes": {
            "backups": false,
            "created_at": "2024-10-03T17:36:36Z",
            "disk": 25,
            "droplet_agent": null,
            "graceful_shutdown": false,
            "id": "449206491",
            "image": "ubuntu-20-04-x64",
            "ipv4_address": "67.205.186.100",
            "ipv4_address_private": "10.136.0.4",
            "ipv6": false,
            "ipv6_address": "",
            "locked": false,
            "memory": 1024,
            "monitoring": false,
            "name": "opentofu-droplet",
            "price_hourly": 0.00893,
            "price_monthly": 6,
            "private_networking": true,
            "region": "nyc1",
            "resize_disk": true,
            "size": "s-1vcpu-1gb",
            "ssh_keys": ["96:f0:20:99:d4:35:89:81:f2:7f:34:d8:d3:46:1c:aa"],
            "status": "active",
            "tags": null,
            "timeouts": null,
            "urn": "do:droplet:449206491",
            "user_data": null,
            "vcpus": 1,
            "volume_ids": [],
            "vpc_uuid": "29a2aef6-dc54-4d91-9380-d287947501db"
          },
          "sensitive_attributes": [],
          "private": "eyJlMmJmYjczMC1lY2FhLTExZTYtOGY4OC0zNDM2M2JjN2M0YzAiOnsiY3JlYXRlIjozNjAwMDAwMDAwMDAwLCJkZWxldGUiOjYwMDAwMDAwMDAwLCJ1cGRhdGUiOjM2MDAwMDAwMDAwMDB9LCJzY2hlbWFfdmVyc2lvbiI6IjEifQ=="
        }
      ]
    },
    {
      "mode": "managed",
      "type": "digitalocean_project",
      "name": "voxdocs",
      "provider": "provider[\"registry.opentofu.org/digitalocean/digitalocean\"]",
      "instances": [
        {
          "schema_version": 0,
          "attributes": {
            "created_at": "2024-10-03T17:37:07Z",
            "description": "A project to deploy the voxdocs backend",
            "environment": "Development",
            "id": "e8e48981-0540-41a5-bda0-fb2e9beb9249",
            "is_default": false,
            "name": "voxdocs",
            "owner_id": 792833,
            "owner_uuid": "ded3c7228577376eff4cccb70f4f25da6192b208",
            "purpose": "markdown editor with an openai interface",
            "resources": ["do:droplet:449206491"],
            "timeouts": null,
            "updated_at": "2024-10-03T17:37:07Z"
          },
          "sensitive_attributes": [],
          "private": "eyJlMmJmYjczMC1lY2FhLTExZTYtOGY4OC0zNDM2M2JjN2M0YzAiOnsiZGVsZXRlIjoxODAwMDAwMDAwMDB9fQ==",
          "dependencies": ["digitalocean_droplet.vox_backend"]
        }
      ]
    }
  ],
  "check_results": null
}
